{
  "name": "typescript-data-model",
  "version": "0.1.2",
  "lockfileVersion": 1,
  "requires": true,
  "dependencies": {
    "@types/lodash": {
      "version": "4.14.71",
      "resolved": "https://registry.npmjs.org/@types/lodash/-/lodash-4.14.71.tgz",
      "integrity": "sha512-x9E8HYuhmcQJPjhTd+t0oRXiQCJXoRPSzCOgYKggxtvNb/kGw8RrbdZzCXrQ6i/i4o0TettxyouY7UdbqkS4AQ=="
    },
    "@types/reflect-metadata": {
      "version": "0.0.5",
      "resolved": "https://registry.npmjs.org/@types/reflect-metadata/-/reflect-metadata-0.0.5.tgz",
      "integrity": "sha1-nAQr+pgD1Xeq1PV9+8pLfK5Chv4="
    },
    "lodash": {
      "version": "4.17.4",
      "resolved": "https://registry.npmjs.org/lodash/-/lodash-4.17.4.tgz",
      "integrity": "sha1-eCA6TRwyiuHYbcpkYONptX9AVa4="
    },
    "reflect-metadata": {
      "version": "0.1.10",
      "resolved": "https://registry.npmjs.org/reflect-metadata/-/reflect-metadata-0.1.10.tgz",
      "integrity": "sha1-tPg3BEFqytiZiMmxVjXUfgO5NEo="
    }
  }
}
